
Microsoft Visual Studio Solution File, Format Version 12.00
# Visual Studio 2013
VisualStudioVersion = 12.0.30501.0
MinimumVisualStudioVersion = 10.0.40219.1
Project("{2150E333-8FDC-42A3-9474-1A3956D46DE8}") = "Engine", "Engine", "{1D9CF192-FCA1-4893-B44D-C9EB42DC0AC6}"
EndProject
Project("{2150E333-8FDC-42A3-9474-1A3956D46DE8}") = "Games", "Games", "{F294A293-D22C-43F5-B9F4-842E508EB34E}"
EndProject
Project("{8BC9CEB8-8B4A-11D0-8D11-00A0C91BC942}") = "Dragon", "Intermediate\ProjectFiles\Dragon.vcxproj", "{D478C7B2-61A2-45F4-B2BF-56BC82801C0B}"
EndProject
Project("{8BC9CEB8-8B4A-11D0-8D11-00A0C91BC942}") = "UE4", "Intermediate\ProjectFiles\UE4.vcxproj", "{B587ADB6-A15D-4EAE-AFAB-118466BFD455}"
EndProject
Global
	GlobalSection(SolutionConfigurationPlatforms) = preSolution
		DebugGame Editor|Windows = DebugGame Editor|Windows
		DebugGame|Windows = DebugGame|Windows
		Development Editor|Windows = Development Editor|Windows
		Development|Windows = Development|Windows
		Shipping|Windows = Shipping|Windows
	EndGlobalSection
	GlobalSection(ProjectConfigurationPlatforms) = postSolution
		{D478C7B2-61A2-45F4-B2BF-56BC82801C0B}.DebugGame Editor|Windows.ActiveCfg = DebugGame_Editor|x64
		{D478C7B2-61A2-45F4-B2BF-56BC82801C0B}.DebugGame Editor|Windows.Build.0 = DebugGame_Editor|x64
		{D478C7B2-61A2-45F4-B2BF-56BC82801C0B}.DebugGame|Windows.ActiveCfg = DebugGame_Game|x64
		{D478C7B2-61A2-45F4-B2BF-56BC82801C0B}.DebugGame|Windows.Build.0 = DebugGame_Game|x64
		{D478C7B2-61A2-45F4-B2BF-56BC82801C0B}.Development Editor|Windows.ActiveCfg = Development_Editor|x64
		{D478C7B2-61A2-45F4-B2BF-56BC82801C0B}.Development Editor|Windows.Build.0 = Development_Editor|x64
		{D478C7B2-61A2-45F4-B2BF-56BC82801C0B}.Development|Windows.ActiveCfg = Development_Game|x64
		{D478C7B2-61A2-45F4-B2BF-56BC82801C0B}.Development|Windows.Build.0 = Development_Game|x64
		{D478C7B2-61A2-45F4-B2BF-56BC82801C0B}.Shipping|Windows.ActiveCfg = Shipping_Game|Win32
		{D478C7B2-61A2-45F4-B2BF-56BC82801C0B}.Shipping|Windows.Build.0 = Shipping_Game|Win32
		{B587ADB6-A15D-4EAE-AFAB-118466BFD455}.DebugGame Editor|Windows.ActiveCfg = BuiltWithUnrealBuildTool|Win32
		{B587ADB6-A15D-4EAE-AFAB-118466BFD455}.DebugGame|Windows.ActiveCfg = BuiltWithUnrealBuildTool|Win32
		{B587ADB6-A15D-4EAE-AFAB-118466BFD455}.Development Editor|Windows.ActiveCfg = BuiltWithUnrealBuildTool|Win32
		{B587ADB6-A15D-4EAE-AFAB-118466BFD455}.Development|Windows.ActiveCfg = BuiltWithUnrealBuildTool|Win32
		{B587ADB6-A15D-4EAE-AFAB-118466BFD455}.Shipping|Windows.ActiveCfg = BuiltWithUnrealBuildTool|Win32
	EndGlobalSection
	GlobalSection(SolutionProperties) = preSolution
		HideSolutionNode = FALSE
	EndGlobalSection
	GlobalSection(NestedProjects) = preSolution
		{D478C7B2-61A2-45F4-B2BF-56BC82801C0B} = {F294A293-D22C-43F5-B9F4-842E508EB34E}
		{B587ADB6-A15D-4EAE-AFAB-118466BFD455} = {1D9CF192-FCA1-4893-B44D-C9EB42DC0AC6}
	EndGlobalSection
EndGlobal
